
Microsoft Visual Studio Solution File, Format Version 12.00
Project("{FAE04EC0-301F-11D3-BF4B-00C04F79EFBC}") = "LiveClient", "LiveClient\LiveClient.csproj", "{534C1F76-C73D-4519-8C6F-4E6918DBD942}"
EndProject
Project("{FAE04EC0-301F-11D3-BF4B-00C04F79EFBC}") = "LiveServer", "LiveServer\LiveServer.csproj", "{2FA7779B-3025-4A53-9643-B8A25F0A1BE0}"
EndProject
Global
	GlobalSection(SolutionConfigurationPlatforms) = preSolution
		Debug|Any CPU = Debug|Any CPU
		Release|Any CPU = Release|Any CPU
	EndGlobalSection
	GlobalSection(ProjectConfigurationPlatforms) = postSolution
		{534C1F76-C73D-4519-8C6F-4E6918DBD942}.Debug|Any CPU.ActiveCfg = Debug|Any CPU
		{534C1F76-C73D-4519-8C6F-4E6918DBD942}.Debug|Any CPU.Build.0 = Debug|Any CPU
		{534C1F76-C73D-4519-8C6F-4E6918DBD942}.Release|Any CPU.ActiveCfg = Release|Any CPU
		{534C1F76-C73D-4519-8C6F-4E6918DBD942}.Release|Any CPU.Build.0 = Release|Any CPU
		{2FA7779B-3025-4A53-9643-B8A25F0A1BE0}.Debug|Any CPU.ActiveCfg = Debug|Any CPU
		{2FA7779B-3025-4A53-9643-B8A25F0A1BE0}.Debug|Any CPU.Build.0 = Debug|Any CPU
		{2FA7779B-3025-4A53-9643-B8A25F0A1BE0}.Release|Any CPU.ActiveCfg = Release|Any CPU
		{2FA7779B-3025-4A53-9643-B8A25F0A1BE0}.Release|Any CPU.Build.0 = Release|Any CPU
	EndGlobalSection
EndGlobal
