
Microsoft Visual Studio Solution File, Format Version 12.00
Project("{FAE04EC0-301F-11D3-BF4B-00C04F79EFBC}") = "ChatClient", "ChatClient\ChatClient.csproj", "{534C1F76-C73D-4519-8C6F-4E6918DBD942}"
EndProject
Project("{FAE04EC0-301F-11D3-BF4B-00C04F79EFBC}") = "LiveServer", "LiveServer\LiveServer.csproj", "{2FA7779B-3025-4A53-9643-B8A25F0A1BE0}"
EndProject
Project("{FAE04EC0-301F-11D3-BF4B-00C04F79EFBC}") = "LiveCoreLibrary", "LiveCoreLibrary\LiveCoreLibrary.csproj", "{B586777A-75AB-4936-9DB5-77FE5DD963A0}"
EndProject
Project("{FAE04EC0-301F-11D3-BF4B-00C04F79EFBC}") = "AdminConsole", "AdminConsole\AdminConsole.csproj", "{F3CEF822-DAAF-4964-87F5-3C2393347897}"
EndProject
Project("{FAE04EC0-301F-11D3-BF4B-00C04F79EFBC}") = "Test", "Test\Test.csproj", "{9D14AEC4-770D-40B9-892B-67E344CBC7E0}"
EndProject
Project("{FAE04EC0-301F-11D3-BF4B-00C04F79EFBC}") = "PositionClient", "PositionClient\PositionClient.csproj", "{25FDC7BB-0975-4E27-A89D-C1BF9921058F}"
EndProject
Global
	GlobalSection(SolutionConfigurationPlatforms) = preSolution
		Debug|Any CPU = Debug|Any CPU
		Release|Any CPU = Release|Any CPU
	EndGlobalSection
	GlobalSection(ProjectConfigurationPlatforms) = postSolution
		{534C1F76-C73D-4519-8C6F-4E6918DBD942}.Debug|Any CPU.ActiveCfg = Debug|Any CPU
		{534C1F76-C73D-4519-8C6F-4E6918DBD942}.Debug|Any CPU.Build.0 = Debug|Any CPU
		{534C1F76-C73D-4519-8C6F-4E6918DBD942}.Release|Any CPU.ActiveCfg = Release|Any CPU
		{534C1F76-C73D-4519-8C6F-4E6918DBD942}.Release|Any CPU.Build.0 = Release|Any CPU
		{2FA7779B-3025-4A53-9643-B8A25F0A1BE0}.Debug|Any CPU.ActiveCfg = Debug|Any CPU
		{2FA7779B-3025-4A53-9643-B8A25F0A1BE0}.Debug|Any CPU.Build.0 = Debug|Any CPU
		{2FA7779B-3025-4A53-9643-B8A25F0A1BE0}.Release|Any CPU.ActiveCfg = Release|Any CPU
		{2FA7779B-3025-4A53-9643-B8A25F0A1BE0}.Release|Any CPU.Build.0 = Release|Any CPU
		{B586777A-75AB-4936-9DB5-77FE5DD963A0}.Debug|Any CPU.ActiveCfg = Debug|Any CPU
		{B586777A-75AB-4936-9DB5-77FE5DD963A0}.Debug|Any CPU.Build.0 = Debug|Any CPU
		{B586777A-75AB-4936-9DB5-77FE5DD963A0}.Release|Any CPU.ActiveCfg = Release|Any CPU
		{B586777A-75AB-4936-9DB5-77FE5DD963A0}.Release|Any CPU.Build.0 = Release|Any CPU
		{F3CEF822-DAAF-4964-87F5-3C2393347897}.Debug|Any CPU.ActiveCfg = Debug|Any CPU
		{F3CEF822-DAAF-4964-87F5-3C2393347897}.Debug|Any CPU.Build.0 = Debug|Any CPU
		{F3CEF822-DAAF-4964-87F5-3C2393347897}.Release|Any CPU.ActiveCfg = Release|Any CPU
		{F3CEF822-DAAF-4964-87F5-3C2393347897}.Release|Any CPU.Build.0 = Release|Any CPU
		{9D14AEC4-770D-40B9-892B-67E344CBC7E0}.Debug|Any CPU.ActiveCfg = Debug|Any CPU
		{9D14AEC4-770D-40B9-892B-67E344CBC7E0}.Debug|Any CPU.Build.0 = Debug|Any CPU
		{9D14AEC4-770D-40B9-892B-67E344CBC7E0}.Release|Any CPU.ActiveCfg = Release|Any CPU
		{9D14AEC4-770D-40B9-892B-67E344CBC7E0}.Release|Any CPU.Build.0 = Release|Any CPU
		{25FDC7BB-0975-4E27-A89D-C1BF9921058F}.Debug|Any CPU.ActiveCfg = Debug|Any CPU
		{25FDC7BB-0975-4E27-A89D-C1BF9921058F}.Debug|Any CPU.Build.0 = Debug|Any CPU
		{25FDC7BB-0975-4E27-A89D-C1BF9921058F}.Release|Any CPU.ActiveCfg = Release|Any CPU
		{25FDC7BB-0975-4E27-A89D-C1BF9921058F}.Release|Any CPU.Build.0 = Release|Any CPU
	EndGlobalSection
EndGlobal
